
Microsoft Visual Studio Solution File, Format Version 12.00
# Visual Studio 15
VisualStudioVersion = 15.0.28307.960
MinimumVisualStudioVersion = 10.0.40219.1
Project("{8BC9CEB8-8B4A-11D0-8D11-00A0C91BC942}") = "数的转换", "数的转换\数的转换.vcxproj", "{AC7A9636-452D-4E34-8553-5EE76757549A}"
EndProject
Project("{8BC9CEB8-8B4A-11D0-8D11-00A0C91BC942}") = "溢出错误", "溢出错误\溢出错误.vcxproj", "{EFAA9A38-6FE1-45FD-8B84-1976A5C18044}"
EndProject
Project("{8BC9CEB8-8B4A-11D0-8D11-00A0C91BC942}") = "查看反汇编", "查看反汇编\查看反汇编.vcxproj", "{43402DF6-7F64-4703-A5AD-589BD5072EB8}"
EndProject
Project("{8BC9CEB8-8B4A-11D0-8D11-00A0C91BC942}") = "第一个汇编程序", "第一个汇编程序\第一个汇编程序.vcxproj", "{21AF2D20-32F0-4954-A064-7E2449DD642C}"
EndProject
Project("{8BC9CEB8-8B4A-11D0-8D11-00A0C91BC942}") = "2.3 C语言中的整数", "2.3 C语言中的整数\2.3 C语言中的整数.vcxproj", "{1D345EFE-41C5-4EBD-AA4C-0769D39ED945}"
EndProject
Project("{8BC9CEB8-8B4A-11D0-8D11-00A0C91BC942}") = "4.2 整数除法", "4.2 整数除法\4.2 整数除法.vcxproj", "{B7F286C9-DE6C-417A-9312-5FA3AA737080}"
EndProject
Project("{8BC9CEB8-8B4A-11D0-8D11-00A0C91BC942}") = "复杂数据类型", "复杂数据类型\复杂数据类型.vcxproj", "{DF3B380D-4E14-47B3-918C-1B11389ACD7D}"
EndProject
Global
	GlobalSection(SolutionConfigurationPlatforms) = preSolution
		Debug|x64 = Debug|x64
		Debug|x86 = Debug|x86
		Release|x64 = Release|x64
		Release|x86 = Release|x86
	EndGlobalSection
	GlobalSection(ProjectConfigurationPlatforms) = postSolution
		{AC7A9636-452D-4E34-8553-5EE76757549A}.Debug|x64.ActiveCfg = Debug|x64
		{AC7A9636-452D-4E34-8553-5EE76757549A}.Debug|x64.Build.0 = Debug|x64
		{AC7A9636-452D-4E34-8553-5EE76757549A}.Debug|x86.ActiveCfg = Debug|Win32
		{AC7A9636-452D-4E34-8553-5EE76757549A}.Debug|x86.Build.0 = Debug|Win32
		{AC7A9636-452D-4E34-8553-5EE76757549A}.Release|x64.ActiveCfg = Release|x64
		{AC7A9636-452D-4E34-8553-5EE76757549A}.Release|x64.Build.0 = Release|x64
		{AC7A9636-452D-4E34-8553-5EE76757549A}.Release|x86.ActiveCfg = Release|Win32
		{AC7A9636-452D-4E34-8553-5EE76757549A}.Release|x86.Build.0 = Release|Win32
		{EFAA9A38-6FE1-45FD-8B84-1976A5C18044}.Debug|x64.ActiveCfg = Debug|x64
		{EFAA9A38-6FE1-45FD-8B84-1976A5C18044}.Debug|x64.Build.0 = Debug|x64
		{EFAA9A38-6FE1-45FD-8B84-1976A5C18044}.Debug|x86.ActiveCfg = Debug|Win32
		{EFAA9A38-6FE1-45FD-8B84-1976A5C18044}.Debug|x86.Build.0 = Debug|Win32
		{EFAA9A38-6FE1-45FD-8B84-1976A5C18044}.Release|x64.ActiveCfg = Release|x64
		{EFAA9A38-6FE1-45FD-8B84-1976A5C18044}.Release|x64.Build.0 = Release|x64
		{EFAA9A38-6FE1-45FD-8B84-1976A5C18044}.Release|x86.ActiveCfg = Release|Win32
		{EFAA9A38-6FE1-45FD-8B84-1976A5C18044}.Release|x86.Build.0 = Release|Win32
		{43402DF6-7F64-4703-A5AD-589BD5072EB8}.Debug|x64.ActiveCfg = Debug|x64
		{43402DF6-7F64-4703-A5AD-589BD5072EB8}.Debug|x64.Build.0 = Debug|x64
		{43402DF6-7F64-4703-A5AD-589BD5072EB8}.Debug|x86.ActiveCfg = Debug|Win32
		{43402DF6-7F64-4703-A5AD-589BD5072EB8}.Debug|x86.Build.0 = Debug|Win32
		{43402DF6-7F64-4703-A5AD-589BD5072EB8}.Release|x64.ActiveCfg = Release|x64
		{43402DF6-7F64-4703-A5AD-589BD5072EB8}.Release|x64.Build.0 = Release|x64
		{43402DF6-7F64-4703-A5AD-589BD5072EB8}.Release|x86.ActiveCfg = Release|Win32
		{43402DF6-7F64-4703-A5AD-589BD5072EB8}.Release|x86.Build.0 = Release|Win32
		{21AF2D20-32F0-4954-A064-7E2449DD642C}.Debug|x64.ActiveCfg = Debug|x64
		{21AF2D20-32F0-4954-A064-7E2449DD642C}.Debug|x64.Build.0 = Debug|x64
		{21AF2D20-32F0-4954-A064-7E2449DD642C}.Debug|x86.ActiveCfg = Debug|Win32
		{21AF2D20-32F0-4954-A064-7E2449DD642C}.Debug|x86.Build.0 = Debug|Win32
		{21AF2D20-32F0-4954-A064-7E2449DD642C}.Release|x64.ActiveCfg = Release|x64
		{21AF2D20-32F0-4954-A064-7E2449DD642C}.Release|x64.Build.0 = Release|x64
		{21AF2D20-32F0-4954-A064-7E2449DD642C}.Release|x86.ActiveCfg = Release|Win32
		{21AF2D20-32F0-4954-A064-7E2449DD642C}.Release|x86.Build.0 = Release|Win32
		{1D345EFE-41C5-4EBD-AA4C-0769D39ED945}.Debug|x64.ActiveCfg = Debug|x64
		{1D345EFE-41C5-4EBD-AA4C-0769D39ED945}.Debug|x64.Build.0 = Debug|x64
		{1D345EFE-41C5-4EBD-AA4C-0769D39ED945}.Debug|x86.ActiveCfg = Debug|Win32
		{1D345EFE-41C5-4EBD-AA4C-0769D39ED945}.Debug|x86.Build.0 = Debug|Win32
		{1D345EFE-41C5-4EBD-AA4C-0769D39ED945}.Release|x64.ActiveCfg = Release|x64
		{1D345EFE-41C5-4EBD-AA4C-0769D39ED945}.Release|x64.Build.0 = Release|x64
		{1D345EFE-41C5-4EBD-AA4C-0769D39ED945}.Release|x86.ActiveCfg = Release|Win32
		{1D345EFE-41C5-4EBD-AA4C-0769D39ED945}.Release|x86.Build.0 = Release|Win32
		{B7F286C9-DE6C-417A-9312-5FA3AA737080}.Debug|x64.ActiveCfg = Debug|x64
		{B7F286C9-DE6C-417A-9312-5FA3AA737080}.Debug|x64.Build.0 = Debug|x64
		{B7F286C9-DE6C-417A-9312-5FA3AA737080}.Debug|x86.ActiveCfg = Debug|Win32
		{B7F286C9-DE6C-417A-9312-5FA3AA737080}.Debug|x86.Build.0 = Debug|Win32
		{B7F286C9-DE6C-417A-9312-5FA3AA737080}.Release|x64.ActiveCfg = Release|x64
		{B7F286C9-DE6C-417A-9312-5FA3AA737080}.Release|x64.Build.0 = Release|x64
		{B7F286C9-DE6C-417A-9312-5FA3AA737080}.Release|x86.ActiveCfg = Release|Win32
		{B7F286C9-DE6C-417A-9312-5FA3AA737080}.Release|x86.Build.0 = Release|Win32
		{DF3B380D-4E14-47B3-918C-1B11389ACD7D}.Debug|x64.ActiveCfg = Debug|x64
		{DF3B380D-4E14-47B3-918C-1B11389ACD7D}.Debug|x64.Build.0 = Debug|x64
		{DF3B380D-4E14-47B3-918C-1B11389ACD7D}.Debug|x86.ActiveCfg = Debug|Win32
		{DF3B380D-4E14-47B3-918C-1B11389ACD7D}.Debug|x86.Build.0 = Debug|Win32
		{DF3B380D-4E14-47B3-918C-1B11389ACD7D}.Release|x64.ActiveCfg = Release|x64
		{DF3B380D-4E14-47B3-918C-1B11389ACD7D}.Release|x64.Build.0 = Release|x64
		{DF3B380D-4E14-47B3-918C-1B11389ACD7D}.Release|x86.ActiveCfg = Release|Win32
		{DF3B380D-4E14-47B3-918C-1B11389ACD7D}.Release|x86.Build.0 = Release|Win32
	EndGlobalSection
	GlobalSection(SolutionProperties) = preSolution
		HideSolutionNode = FALSE
	EndGlobalSection
	GlobalSection(ExtensibilityGlobals) = postSolution
		SolutionGuid = {19E1A9C5-FB92-4CC8-9C22-136E2F0A731C}
	EndGlobalSection
EndGlobal
